
Microsoft Visual Studio Solution File, Format Version 12.00
# Visual Studio Version 17
VisualStudioVersion = 17.11.35327.3
MinimumVisualStudioVersion = 10.0.40219.1
Project("{FAE04EC0-301F-11D3-BF4B-00C04F79EFBC}") = "ProductManagementAPI", "ProductManagementAPI\ProductManagementAPI.csproj", "{F328C273-2104-4ACF-80CA-F7EAC37A746A}"
EndProject
Global
	GlobalSection(SolutionConfigurationPlatforms) = preSolution
		Debug|Any CPU = Debug|Any CPU
		Release|Any CPU = Release|Any CPU
	EndGlobalSection
	GlobalSection(ProjectConfigurationPlatforms) = postSolution
		{F328C273-2104-4ACF-80CA-F7EAC37A746A}.Debug|Any CPU.ActiveCfg = Debug|Any CPU
		{F328C273-2104-4ACF-80CA-F7EAC37A746A}.Debug|Any CPU.Build.0 = Debug|Any CPU
		{F328C273-2104-4ACF-80CA-F7EAC37A746A}.Release|Any CPU.ActiveCfg = Release|Any CPU
		{F328C273-2104-4ACF-80CA-F7EAC37A746A}.Release|Any CPU.Build.0 = Release|Any CPU
	EndGlobalSection
	GlobalSection(SolutionProperties) = preSolution
		HideSolutionNode = FALSE
	EndGlobalSection
	GlobalSection(ExtensibilityGlobals) = postSolution
		SolutionGuid = {79DC6B44-2201-4638-BE14-5C742DD9763E}
	EndGlobalSection
EndGlobal
